
Microsoft Visual Studio Solution File, Format Version 12.00
# Visual Studio Version 16
VisualStudioVersion = 16.0.30503.244
MinimumVisualStudioVersion = 10.0.40219.1
Project("{9A19103F-16F7-4668-BE54-9A1E7A4F7556}") = "Calculator", "Calculator\Calculator.csproj", "{576A3012-5446-4D90-B53C-F2678221D240}"
EndProject
Project("{9A19103F-16F7-4668-BE54-9A1E7A4F7556}") = "CalculatorLibrary1", "CalculatorLibrary1\CalculatorLibrary1.csproj", "{E7B20DA2-7922-4729-B5A7-BEF63E18B94A}"
EndProject
Project("{FAE04EC0-301F-11D3-BF4B-00C04F79EFBC}") = "CalculatorTest", "CalculatorTest\CalculatorTest.csproj", "{10B1418F-2E66-46D1-8812-EBF85E9E08C5}"
EndProject
Global
	GlobalSection(SolutionConfigurationPlatforms) = preSolution
		Debug|Any CPU = Debug|Any CPU
		Release|Any CPU = Release|Any CPU
	EndGlobalSection
	GlobalSection(ProjectConfigurationPlatforms) = postSolution
		{576A3012-5446-4D90-B53C-F2678221D240}.Debug|Any CPU.ActiveCfg = Debug|Any CPU
		{576A3012-5446-4D90-B53C-F2678221D240}.Debug|Any CPU.Build.0 = Debug|Any CPU
		{576A3012-5446-4D90-B53C-F2678221D240}.Release|Any CPU.ActiveCfg = Release|Any CPU
		{576A3012-5446-4D90-B53C-F2678221D240}.Release|Any CPU.Build.0 = Release|Any CPU
		{E7B20DA2-7922-4729-B5A7-BEF63E18B94A}.Debug|Any CPU.ActiveCfg = Debug|Any CPU
		{E7B20DA2-7922-4729-B5A7-BEF63E18B94A}.Debug|Any CPU.Build.0 = Debug|Any CPU
		{E7B20DA2-7922-4729-B5A7-BEF63E18B94A}.Release|Any CPU.ActiveCfg = Release|Any CPU
		{E7B20DA2-7922-4729-B5A7-BEF63E18B94A}.Release|Any CPU.Build.0 = Release|Any CPU
		{10B1418F-2E66-46D1-8812-EBF85E9E08C5}.Debug|Any CPU.ActiveCfg = Debug|Any CPU
		{10B1418F-2E66-46D1-8812-EBF85E9E08C5}.Debug|Any CPU.Build.0 = Debug|Any CPU
		{10B1418F-2E66-46D1-8812-EBF85E9E08C5}.Release|Any CPU.ActiveCfg = Release|Any CPU
		{10B1418F-2E66-46D1-8812-EBF85E9E08C5}.Release|Any CPU.Build.0 = Release|Any CPU
	EndGlobalSection
	GlobalSection(SolutionProperties) = preSolution
		HideSolutionNode = FALSE
	EndGlobalSection
	GlobalSection(ExtensibilityGlobals) = postSolution
		SolutionGuid = {32F9AC30-DC7D-43F2-8ABE-8C03D2B105E8}
	EndGlobalSection
EndGlobal
